{
  "name": "graphics",
  "lockfileVersion": 3,
  "requires": true,
  "packages": {
    "": {
      "dependencies": {
        "reed-solomon": "^4.0.0"
      }
    },
    "node_modules/reed-solomon": {
      "version": "4.0.0",
      "resolved": "https://registry.npmjs.org/reed-solomon/-/reed-solomon-4.0.0.tgz",
      "integrity": "sha512-UjsfEAYPjniCdHOojQPnhkOrt5WMnkek/kV4q2OFijy6gcK9aw1Xlz/1TqUbbELIP8P5p7OwyLTu3HAokH4dsQ==",
      "deprecated": "Package no longer supported. Contact support@npmjs.com for more info."
    }
  }
}
